# Generated by conda-lock.
# platform: linux-64
# input_hash: 61b455bac3b997ae1cde37a29dcdba4074f5ab7bb6ecacceb762004745439b4c
@EXPLICIT
https://conda.anaconda.org/conda-forge/linux-64/_libgcc_mutex-0.1-conda_forge.tar.bz2#d7c89558ba9fa0495403155b64376d81
https://conda.anaconda.org/conda-forge/linux-64/ca-certificates-2022.12.7-ha878542_0.conda#ff9f73d45c4a07d6f424495288a26080
https://conda.anaconda.org/conda-forge/linux-64/ld_impl_linux-64-2.40-h41732ed_0.conda#7aca3059a1729aa76c597603f10b0dd3
https://conda.anaconda.org/conda-forge/linux-64/libgfortran5-12.2.0-h337968e_19.tar.bz2#164b4b1acaedc47ee7e658ae6b308ca3
https://conda.anaconda.org/conda-forge/linux-64/libstdcxx-ng-12.2.0-h46fd767_19.tar.bz2#1030b1f38c129f2634eae026f704fe60
https://conda.anaconda.org/conda-forge/noarch/pybind11-abi-4-hd8ed1ab_3.tar.bz2#878f923dd6acc8aeb47a75da6c4098be
https://conda.anaconda.org/conda-forge/linux-64/python_abi-3.7-3_cp37m.conda#46277e9cf1ecd46926a31cea47079009
https://conda.anaconda.org/pytorch/noarch/pytorch-mutex-1.0-cpu.tar.bz2#49565ed726991fd28d08a39885caa88d
https://conda.anaconda.org/conda-forge/linux-64/libgfortran-ng-12.2.0-h69a702a_19.tar.bz2#cd7a806282c16e1f2d39a7e80d3a3e0d
https://conda.anaconda.org/conda-forge/linux-64/_openmp_mutex-4.5-2_kmp_llvm.tar.bz2#562b26ba2e19059551a811e72ab7f793
https://conda.anaconda.org/conda-forge/linux-64/libgcc-ng-12.2.0-h65d4601_19.tar.bz2#e4c94f80aef025c17ab0828cd85ef535
https://conda.anaconda.org/conda-forge/linux-64/abseil-cpp-20210324.2-h9c3ff4c_0.tar.bz2#baa652d7d0da41d757a31d00b4ae2c38
https://conda.anaconda.org/conda-forge/linux-64/bzip2-1.0.8-h7f98852_4.tar.bz2#a1fd65c7ccbf10880423d82bca54eb54
https://conda.anaconda.org/conda-forge/linux-64/c-ares-1.18.1-h7f98852_0.tar.bz2#f26ef8098fab1f719c91eb760d63381a
https://conda.anaconda.org/conda-forge/linux-64/cudatoolkit-11.1.1-ha002fc5_11.conda#2b11133c35a4899a29fc5109d8f95d2e
https://conda.anaconda.org/conda-forge/linux-64/expat-2.5.0-h27087fc_0.tar.bz2#c4fbad8d4bddeb3c085f18cbf97fbfad
https://conda.anaconda.org/conda-forge/linux-64/gettext-0.21.1-h27087fc_0.tar.bz2#14947d8770185e5153fdd04d4673ed37
https://conda.anaconda.org/conda-forge/linux-64/giflib-5.2.1-h36c2ea0_2.tar.bz2#626e68ae9cc5912d6adb79d318cf962d
https://conda.anaconda.org/conda-forge/linux-64/gmp-6.2.1-h58526e2_0.tar.bz2#b94cf2db16066b242ebd26db2facbd56
https://conda.anaconda.org/conda-forge/linux-64/icu-68.2-h9c3ff4c_0.tar.bz2#6618c9b191638993f2a818c6529e1b49
https://conda.anaconda.org/conda-forge/linux-64/jpeg-9e-h0b41bf4_3.conda#c7a069243e1fbe9a556ed2ec030e6407
https://conda.anaconda.org/conda-forge/linux-64/keyutils-1.6.1-h166bdaf_0.tar.bz2#30186d27e2c9fa62b45fb1476b7200e3
https://conda.anaconda.org/conda-forge/linux-64/lame-3.100-h166bdaf_1003.tar.bz2#a8832b479f93521a9e7b5b743803be51
https://conda.anaconda.org/conda-forge/linux-64/lerc-4.0.0-h27087fc_0.tar.bz2#76bbff344f0134279f225174e9064c8f
https://conda.anaconda.org/conda-forge/linux-64/libdeflate-1.14-h166bdaf_0.tar.bz2#fc84a0446e4e4fb882e78d786cfb9734
https://conda.anaconda.org/conda-forge/linux-64/libev-4.33-h516909a_1.tar.bz2#6f8720dff19e17ce5d48cfe7f3d2f0a3
https://conda.anaconda.org/conda-forge/linux-64/libffi-3.4.2-h7f98852_5.tar.bz2#d645c6d2ac96843a2bfaccd2d62b3ac3
https://conda.anaconda.org/conda-forge/linux-64/libiconv-1.17-h166bdaf_0.tar.bz2#b62b52da46c39ee2bc3c162ac7f1804d
https://conda.anaconda.org/conda-forge/linux-64/libnsl-2.0.0-h7f98852_0.tar.bz2#39b1328babf85c7c3a61636d9cd50206
https://conda.anaconda.org/conda-forge/linux-64/libuv-1.44.2-h166bdaf_0.tar.bz2#e5cb4fe581a18ca2185a016eb848fc00
https://conda.anaconda.org/conda-forge/linux-64/libwebp-base-1.2.4-h166bdaf_0.tar.bz2#ac2ccf7323d21f2994e4d1f5da664f37
https://conda.anaconda.org/conda-forge/linux-64/libzlib-1.2.13-h166bdaf_4.tar.bz2#f3f9de449d32ca9b9c66a22863c96f41
https://conda.anaconda.org/conda-forge/linux-64/lz4-c-1.9.3-h9c3ff4c_1.tar.bz2#fbe97e8fa6f275d7c76a09e795adc3e6
https://conda.anaconda.org/conda-forge/linux-64/lzo-2.10-h516909a_1000.tar.bz2#bb14fcb13341b81d5eb386423b9d2bac
https://conda.anaconda.org/conda-forge/linux-64/ncurses-6.3-h27087fc_1.tar.bz2#4acfc691e64342b9dae57cf2adc63238
https://conda.anaconda.org/conda-forge/linux-64/nettle-3.6-he412f7d_0.tar.bz2#f050099af540c1c960c813b06bca89ad
https://conda.anaconda.org/conda-forge/linux-64/openssl-1.1.1t-h0b41bf4_0.conda#a35dc66c4cee8c4399507d14cf1501b1
https://conda.anaconda.org/conda-forge/linux-64/pthread-stubs-0.4-h36c2ea0_1001.tar.bz2#22dad4df6e8630e8dff2428f6f6a7036
https://conda.anaconda.org/conda-forge/linux-64/re2-2021.09.01-h9c3ff4c_0.tar.bz2#740e608e7e6a503a8b98b1ba1ebe1791
https://conda.anaconda.org/conda-forge/linux-64/reproc-14.2.4-h0b41bf4_0.conda#0f51393e019df1f0047ef864cd9ddeec
https://conda.anaconda.org/conda-forge/linux-64/snappy-1.1.9-hbd366e4_2.tar.bz2#48018e187dacc6002d3ede9c824238ac
https://conda.anaconda.org/conda-forge/linux-64/tbb-2021.7.0-h924138e_0.tar.bz2#819421f81b127a5547bf96ad57eccdd9
https://conda.anaconda.org/conda-forge/linux-64/xorg-libxau-1.0.9-h7f98852_0.tar.bz2#bf6f803a544f26ebbdc3bfff272eb179
https://conda.anaconda.org/conda-forge/linux-64/xorg-libxdmcp-1.1.3-h7f98852_0.tar.bz2#be93aabceefa2fac576e971aef407908
https://conda.anaconda.org/conda-forge/linux-64/xz-5.2.6-h166bdaf_0.tar.bz2#2161070d867d1b1204ea749c8eec4ef0
https://conda.anaconda.org/conda-forge/linux-64/yaml-0.2.5-h7f98852_2.tar.bz2#4cb3ad778ec2d5a7acbdf254eb1c42ae
https://conda.anaconda.org/conda-forge/linux-64/yaml-cpp-0.7.0-h27087fc_2.tar.bz2#0449d47d8457feaa3720d4779616dde2
https://conda.anaconda.org/conda-forge/linux-64/cudnn-8.4.1.50-hed8a83a_0.tar.bz2#47c8bc742d9127726750edd47ec9cbd9
https://conda.anaconda.org/conda-forge/linux-64/gnutls-3.6.13-h85f3911_1.tar.bz2#7d1b6fff16c1431d96cb4934938799fd
https://conda.anaconda.org/conda-forge/linux-64/libedit-3.1.20191231-he28a2e2_2.tar.bz2#4d331e44109e3f0e19b4cb8f9b82f3e1
https://conda.anaconda.org/conda-forge/linux-64/libnghttp2-1.51.0-hdcd2b5c_0.conda#c42b460bae0365fb9777b1ff9d09a554
https://conda.anaconda.org/conda-forge/linux-64/libpng-1.6.39-h753d276_0.conda#e1c890aebdebbfbf87e2c917187b4416
https://conda.anaconda.org/conda-forge/linux-64/libsolv-0.7.23-h3eb15da_0.conda#122332e6deb4aea9eaf22021d2ecd256
https://conda.anaconda.org/conda-forge/linux-64/libsqlite-3.40.0-h753d276_0.tar.bz2#2e5f9a37d487e1019fd4d8113adb2f9f
https://conda.anaconda.org/conda-forge/linux-64/libssh2-1.10.0-haa6b8db_3.tar.bz2#89acee135f0809a18a1f4537390aa2dd
https://conda.anaconda.org/conda-forge/linux-64/libxcb-1.13-h7f98852_1004.tar.bz2#b3653fdc58d03face9724f602218a904
https://conda.anaconda.org/conda-forge/linux-64/llvm-openmp-15.0.7-h0cdce71_0.conda#589c9a3575a050b583241c3d688ad9aa
https://conda.anaconda.org/conda-forge/linux-64/nccl-2.14.3.1-h12f7317_0.tar.bz2#9f2cdc0a9564ddf1fb3158ced2b564f9
https://conda.anaconda.org/conda-forge/linux-64/pcre2-10.40-hc3806b6_0.tar.bz2#69e2c796349cd9b273890bee0febfe1b
https://conda.anaconda.org/conda-forge/linux-64/readline-8.1.2-h0f457ee_0.tar.bz2#db2ebbe2943aae81ed051a6a9af8e0fa
https://conda.anaconda.org/conda-forge/linux-64/reproc-cpp-14.2.4-hcb278e6_0.conda#ede8e0f849f2fee2f78cb488b4ea3b33
https://conda.anaconda.org/conda-forge/linux-64/tk-8.6.12-h27826a3_0.tar.bz2#5b8c42eb62e9fc961af70bdd6a26e168
https://conda.anaconda.org/conda-forge/linux-64/zlib-1.2.13-h166bdaf_4.tar.bz2#4b11e365c0275b808be78b30f904e295
https://conda.anaconda.org/conda-forge/linux-64/zstd-1.5.2-h3eb15da_6.conda#6b63daed8feeca47be78f323e793d555
https://conda.anaconda.org/conda-forge/linux-64/freetype-2.12.1-hca18f0e_1.conda#e1232042de76d24539a436d37597eb06
https://conda.anaconda.org/conda-forge/linux-64/krb5-1.20.1-hf9c8cef_0.conda#5f7e9efd540d7ac4b485660231ba6150
https://conda.anaconda.org/conda-forge/linux-64/libglib-2.74.1-h606061b_1.tar.bz2#ed5349aa96776e00b34eccecf4a948fe
https://conda.anaconda.org/conda-forge/linux-64/libprotobuf-3.16.0-h780b84a_0.tar.bz2#4e4a028ee8372621611bbd6fdd6f751f
https://conda.anaconda.org/conda-forge/linux-64/libtiff-4.4.0-h82bc61c_5.conda#e712a63a21f9db647982971dc121cdcf
https://conda.anaconda.org/conda-forge/linux-64/libxml2-2.9.12-h72842e0_0.tar.bz2#bd14fdf5b9ee5568056a40a6a2f41866
https://conda.anaconda.org/conda-forge/linux-64/mkl-2022.2.1-h84fe81f_16997.conda#a7ce56d5757f5b57e7daabe703ade5bb
https://conda.anaconda.org/conda-forge/linux-64/openh264-2.1.1-h780b84a_0.tar.bz2#034a6f90f1bbc7ba11d04b84ec9d74c8
https://conda.anaconda.org/conda-forge/linux-64/sqlite-3.40.0-h4ff8645_0.tar.bz2#bb11803129cbbb53ed56f9506ff74145
https://conda.anaconda.org/conda-forge/linux-64/blas-1.0-mkl.tar.bz2#349aef876b1d8c9dccae01de20d5b385
https://conda.anaconda.org/conda-forge/linux-64/dbus-1.13.6-h5008d03_3.tar.bz2#ecfff944ba3960ecb334b9a2663d708d
https://conda.anaconda.org/pytorch/linux-64/ffmpeg-4.3-hf484d3e_0.tar.bz2#0b0bf7c3d7e146ef91de5310bbf7a230
https://conda.anaconda.org/conda-forge/linux-64/grpc-cpp-1.39.1-h850795e_1.tar.bz2#fb1f52807c8627ee33fb6344ca007f6d
https://conda.anaconda.org/conda-forge/linux-64/lcms2-2.14-h6ed2654_0.tar.bz2#dcc588839de1445d90995a0a2c4f3a39
https://conda.anaconda.org/conda-forge/linux-64/libarchive-3.5.2-hccf745f_1.tar.bz2#c777ce221e0f3f1aade66074405d042e
https://conda.anaconda.org/conda-forge/linux-64/libblas-3.9.0-16_linux64_mkl.tar.bz2#85f61af03fd291dae33150ffe89dc09a
https://conda.anaconda.org/conda-forge/linux-64/libcurl-7.87.0-h6312ad2_0.conda#ad07f06bd133e76e12165bc3ec2c8646
https://conda.anaconda.org/conda-forge/linux-64/openjpeg-2.5.0-h7d73246_1.tar.bz2#a11b4df9271a8d7917686725aa04c8f2
https://conda.anaconda.org/conda-forge/linux-64/python-3.7.12-hb7a2778_100_cpython.tar.bz2#2d94b3e6a9fdaf83f6955d008c8011a7
https://conda.anaconda.org/conda-forge/noarch/asynctest-0.13.0-py_0.tar.bz2#b0e68312b9cdf1696f49c454d4864dfd
https://conda.anaconda.org/conda-forge/noarch/attrs-22.2.0-pyh71513ae_0.conda#8b76db7818a4e401ed4486c4c1635cd9
https://conda.anaconda.org/conda-forge/noarch/blinker-1.5-pyhd8ed1ab_0.tar.bz2#f473c4e32d8180733ba5594d122cb637
https://conda.anaconda.org/conda-forge/noarch/cached_property-1.5.2-pyha770c72_1.tar.bz2#576d629e47797577ab0f1b351297ef4a
https://conda.anaconda.org/conda-forge/noarch/cachetools-5.3.0-pyhd8ed1ab_0.conda#fd006afc4115740d8d52887ee813f262
https://conda.anaconda.org/conda-forge/noarch/cachy-0.3.0-pyhd8ed1ab_1.tar.bz2#5dfee17f24e2dfd18d7392b48c9351e2
https://conda.anaconda.org/conda-forge/noarch/certifi-2022.12.7-pyhd8ed1ab_0.conda#fb9addc3db06e56abe03e0e9f21a63e6
https://conda.anaconda.org/conda-forge/noarch/charset-normalizer-2.1.1-pyhd8ed1ab_0.tar.bz2#c1d5b294fbf9a795dec349a6f4d8be8e
https://conda.anaconda.org/conda-forge/noarch/crashtest-0.3.1-pyhd8ed1ab_0.tar.bz2#b8477552274c1cfdb533e954c76523f1
https://conda.anaconda.org/conda-forge/noarch/distlib-0.3.6-pyhd8ed1ab_0.tar.bz2#b65b4d50dbd2d50fa0aeac367ec9eed7
https://conda.anaconda.org/conda-forge/noarch/filelock-3.9.0-pyhd8ed1ab_0.conda#1addc115923d646ca19ed90edc413506
https://conda.anaconda.org/conda-forge/linux-64/frozenlist-1.3.1-py37h540881e_0.tar.bz2#d14a3eae304d08991d3642739ba0aaf3
https://conda.anaconda.org/conda-forge/noarch/gast-0.4.0-pyh9f0ad1d_0.tar.bz2#42323c77b73462199fca93bc8ac9279d
https://conda.anaconda.org/conda-forge/linux-64/hdf5-1.10.6-nompi_h6a2412b_1114.tar.bz2#0a2984b78f51148d7ff6219abe73509e
https://conda.anaconda.org/conda-forge/noarch/idna-3.4-pyhd8ed1ab_0.tar.bz2#34272b248891bddccc64479f9a7fffed
https://conda.anaconda.org/conda-forge/noarch/jeepney-0.8.0-pyhd8ed1ab_0.tar.bz2#9800ad1699b42612478755a2d26c722d
https://conda.anaconda.org/conda-forge/noarch/keras-2.6.0-pyhd8ed1ab_1.tar.bz2#6a84414053119c3c5b8210d925fed579
https://conda.anaconda.org/conda-forge/linux-64/libcblas-3.9.0-16_linux64_mkl.tar.bz2#361bf757b95488de76c4f123805742d3
https://conda.anaconda.org/conda-forge/linux-64/liblapack-3.9.0-16_linux64_mkl.tar.bz2#a2f166748917d6d6e4707841ca1f519e
https://conda.anaconda.org/conda-forge/linux-64/libmamba-0.27.0-h0dd8ff0_0.tar.bz2#ee4ddb9d1bf1dc8452d69eb4d5a88acb
https://conda.anaconda.org/conda-forge/noarch/lockfile-0.12.2-py_1.tar.bz2#c104d98e09c47519950cffb8dd5b4f10
https://conda.anaconda.org/conda-forge/linux-64/markupsafe-2.1.1-py37h540881e_1.tar.bz2#a9123517674ab0589d955a5adbf58573
https://conda.anaconda.org/conda-forge/linux-64/msgpack-python-1.0.4-py37h7cecad7_0.tar.bz2#2da951801472ad558471831f9cee2bae
https://conda.anaconda.org/conda-forge/linux-64/multidict-6.0.2-py37h540881e_1.tar.bz2#679ac96314f306004f7a1ae32bff2fc8
https://conda.anaconda.org/conda-forge/noarch/pastel-0.2.1-pyhd8ed1ab_0.tar.bz2#a4eea5bff523f26442405bc5d1f52adb
https://conda.anaconda.org/conda-forge/linux-64/pillow-9.2.0-py37h850a105_2.tar.bz2#9532a440710f0245e79070561762e138
https://conda.anaconda.org/conda-forge/noarch/pkginfo-1.9.6-pyhd8ed1ab_0.conda#be1e9f1c65a1ed0f2ae9352fec99db64
https://conda.anaconda.org/conda-forge/noarch/platformdirs-2.6.0-pyhd8ed1ab_0.conda#b1b2ab02d1ece1719f7fa002ad4bc70d
https://conda.anaconda.org/conda-forge/noarch/ptyprocess-0.7.0-pyhd3deb0d_0.tar.bz2#359eeb6536da0e687af562ed265ec263
https://conda.anaconda.org/conda-forge/noarch/pyasn1-0.4.8-py_0.tar.bz2#06d04c9f8f72ac77911db942eda24fb9
https://conda.anaconda.org/conda-forge/linux-64/pycosat-0.6.4-py37h540881e_0.tar.bz2#daddb96dc791a3f5208247dd05d13f37
https://conda.anaconda.org/conda-forge/noarch/pycparser-2.21-pyhd8ed1ab_0.tar.bz2#076becd9e05608f8dc72757d5f3a91ff
https://conda.anaconda.org/conda-forge/noarch/pyjwt-2.6.0-pyhd8ed1ab_0.tar.bz2#56d08bbebf5b3719ca2b1688fcfd98a4
https://conda.anaconda.org/conda-forge/noarch/pylev-1.4.0-pyhd8ed1ab_0.tar.bz2#edf8651c4379d9d1495ad6229622d150
https://conda.anaconda.org/conda-forge/noarch/pyparsing-3.0.9-pyhd8ed1ab_0.tar.bz2#e8fbc1b54b25f4b08281467bc13b70cc
https://conda.anaconda.org/conda-forge/linux-64/pysocks-1.7.1-py37h89c1867_5.tar.bz2#8c4b0563f96363ee99f1ab864616ac63
https://conda.anaconda.org/conda-forge/noarch/python-flatbuffers-1.12-pyhd8ed1ab_1.tar.bz2#4ddd8b8f7ba0c0fc50de3776b37fecce
https://conda.anaconda.org/conda-forge/linux-64/ruamel_yaml-0.15.80-py37h540881e_1007.tar.bz2#ce30ad1c3b92a74eba53567bffe89879
https://conda.anaconda.org/conda-forge/noarch/setuptools-67.3.2-pyhd8ed1ab_0.conda#543af74c4042aee5702a033e03a216d0
https://conda.anaconda.org/conda-forge/noarch/shellingham-1.5.1-pyhd8ed1ab_0.conda#1de44299f48f522caa2e0074231614e1
https://conda.anaconda.org/conda-forge/noarch/six-1.15.0-pyh9f0ad1d_0.tar.bz2#1eec421f0f1f39e579e44e4a5ce646a2
https://conda.anaconda.org/conda-forge/linux-64/tensorboard-data-server-0.6.0-py37h38fbfac_2.tar.bz2#1c51221a6fecc97a56548a934412540f
https://conda.anaconda.org/conda-forge/noarch/tensorboard-plugin-wit-1.8.1-pyhd8ed1ab_0.tar.bz2#0adae6ededf20046d74a3f9343269efd
https://conda.anaconda.org/conda-forge/noarch/termcolor-1.1.0-pyhd8ed1ab_3.tar.bz2#2a28d2137388d7c6a903f29319f262bc
https://conda.anaconda.org/conda-forge/noarch/toolz-0.12.0-pyhd8ed1ab_0.tar.bz2#92facfec94bc02d6ccf42e7173831a36
https://conda.anaconda.org/conda-forge/noarch/typing-3.10.0.0-pyhd8ed1ab_0.tar.bz2#e6573ac68718f17b9d4f5c8eda3190f2
https://conda.anaconda.org/conda-forge/noarch/typing_extensions-3.7.4.3-py_0.tar.bz2#12b96e382730541a4b332420227055ae
https://conda.anaconda.org/conda-forge/noarch/webencodings-0.5.1-py_1.tar.bz2#3563be4c5611a44210d9ba0c16113136
https://conda.anaconda.org/conda-forge/noarch/wheel-0.38.4-pyhd8ed1ab_0.tar.bz2#c829cfb8cb826acb9de0ac1a2df0a940
https://conda.anaconda.org/conda-forge/linux-64/wrapt-1.12.1-py37h5e8e339_3.tar.bz2#b88a1576e973bba1eb85738cbfeecc44
https://conda.anaconda.org/conda-forge/noarch/zipp-3.14.0-pyhd8ed1ab_0.conda#01ea04980fa39d7b6dbdd6c67016d177
https://conda.anaconda.org/conda-forge/noarch/absl-py-0.15.0-pyhd8ed1ab_0.tar.bz2#56ff5b28e0ee83b0efc5e3cd52c2cf52
https://conda.anaconda.org/conda-forge/noarch/aiosignal-1.3.1-pyhd8ed1ab_0.tar.bz2#d1e1eb7e21a9e2c74279d87dafb68156
https://conda.anaconda.org/conda-forge/noarch/astunparse-1.6.3-pyhd8ed1ab_0.tar.bz2#000b6f68a0bfaba800ced7500c11780f
https://conda.anaconda.org/conda-forge/noarch/cached-property-1.5.2-hd8ed1ab_1.tar.bz2#9b347a7ec10940d3f7941ff6c460b551
https://conda.anaconda.org/conda-forge/linux-64/cffi-1.15.1-py37h43b0acd_1.tar.bz2#5111b64bdfdd72d85086ec49c952fe0d
https://conda.anaconda.org/conda-forge/noarch/clikit-0.6.2-pyhd8ed1ab_1.conda#c7862f552b3aaafb0c77811a8aba9062
https://conda.anaconda.org/conda-forge/noarch/google-pasta-0.2.0-pyh8c360ce_0.tar.bz2#26e27d7d3d7fe2336b543dd8e0f12cbf
https://conda.anaconda.org/conda-forge/linux-64/grpcio-1.39.0-py37hb27c1af_0.tar.bz2#f3ff0e9079832ad94d6cc74c1c96c1ad
https://conda.anaconda.org/conda-forge/noarch/html5lib-1.1-pyh9f0ad1d_0.tar.bz2#b2355343d6315c892543200231d7154a
https://conda.anaconda.org/conda-forge/noarch/importlib-metadata-1.7.0-pyhd8ed1ab_1.tar.bz2#19187069400a0f15d43de319fd56c6f0
https://conda.anaconda.org/conda-forge/linux-64/libmambapy-0.27.0-py37h1ee4b26_0.tar.bz2#48fc857ee6e4707debb9ea155c9f1404
https://conda.anaconda.org/conda-forge/linux-64/numpy-1.19.5-py37h3e96413_3.tar.bz2#7d74599bf4ce2f2e70bdf4ba65ca8620
https://conda.anaconda.org/conda-forge/noarch/packaging-20.9-pyh44b312d_0.tar.bz2#be69a38e912054a62dc82cc3c7711a64
https://conda.anaconda.org/conda-forge/noarch/pexpect-4.8.0-pyh1a96a4e_2.tar.bz2#330448ce4403cc74990ac07c555942a1
https://conda.anaconda.org/conda-forge/noarch/pip-23.0.1-pyhd8ed1ab_0.conda#8025ca83b8ba5430b640b83917c2a6f7
https://conda.anaconda.org/conda-forge/linux-64/protobuf-3.16.0-py37hcd2ae1e_0.tar.bz2#aee60a41bfe672f989903cce11237cde
https://conda.anaconda.org/conda-forge/noarch/pyasn1-modules-0.2.7-py_0.tar.bz2#ad1e886d09700b2304975335f714bd9c
https://conda.anaconda.org/pytorch/linux-64/pytorch-1.11.0-py3.7_cpu_0.tar.bz2#d0317d8f00f036e82dcf0593044298be
https://conda.anaconda.org/conda-forge/noarch/pyu2f-0.1.5-pyhd8ed1ab_0.tar.bz2#caabbeaa83928d0c3e3949261daa18eb
https://conda.anaconda.org/conda-forge/noarch/rsa-4.9-pyhd8ed1ab_0.tar.bz2#03bf410858b2cefc267316408a77c436
https://conda.anaconda.org/conda-forge/noarch/tomlkit-0.11.6-pyha770c72_0.tar.bz2#471bf9e605820b59988e830382b8d654
https://conda.anaconda.org/conda-forge/noarch/typing-extensions-3.7.4.3-0.tar.bz2#36bdcdb4c2bf1efb987f2e9e80f4c9a6
https://conda.anaconda.org/conda-forge/noarch/werkzeug-2.2.3-pyhd8ed1ab_0.conda#94dea682ba9d8e091e1f46872886fb1f
https://conda.anaconda.org/conda-forge/noarch/async-timeout-4.0.2-pyhd8ed1ab_0.tar.bz2#25e79f9a1133556671becbd65a170c78
https://conda.anaconda.org/conda-forge/linux-64/brotlipy-0.7.0-py37h540881e_1004.tar.bz2#2703cec0c296bad200deecfe132db0fa
https://conda.anaconda.org/conda-forge/noarch/cleo-0.8.1-pyhd8ed1ab_2.tar.bz2#4c82b11a3d06031bd58e7d869f53d965
https://conda.anaconda.org/conda-forge/linux-64/click-8.1.3-py37h89c1867_0.tar.bz2#cc3ff1c7672163d162f3e478e6d57b6e
https://conda.anaconda.org/conda-forge/linux-64/cryptography-38.0.2-py37h38fbfac_1.tar.bz2#d6b7647212ceb7fc3bf9b4d2908b1a3d
https://conda.anaconda.org/conda-forge/linux-64/h5py-3.1.0-nompi_py37h1e651dc_100.tar.bz2#b45bff851699e73b940c8d0684e5d2db
https://conda.anaconda.org/conda-forge/noarch/importlib_metadata-1.7.0-hd8ed1ab_1.tar.bz2#8f68ed6ab2dbae9dd1558b71ec62201d
https://conda.anaconda.org/conda-forge/noarch/markdown-3.3.4-pyhd8ed1ab_0.tar.bz2#b8054f74fbed2b282f032219f114421a
https://conda.anaconda.org/conda-forge/noarch/opt_einsum-3.3.0-pyhd8ed1ab_1.tar.bz2#ba523f5bdd2e452e43c73b7e4b928799
https://conda.anaconda.org/conda-forge/linux-64/poetry-core-1.0.8-py37h89c1867_1.tar.bz2#7b5aa10cd6ec3c79cf2dbc6938257ce5
https://conda.anaconda.org/conda-forge/linux-64/scipy-1.7.3-py37hf2a6cf1_0.tar.bz2#129c613e1d0f09d9fd0473a0da6161a9
https://conda.anaconda.org/pytorch/linux-64/torchaudio-0.11.0-py37_cpu.tar.bz2#07b1123324fbd53d83ae08d19d34dec4
https://conda.anaconda.org/conda-forge/linux-64/virtualenv-20.16.2-py37h89c1867_0.tar.bz2#0dbb619a86ece577bc945e4fdfada6b5
https://conda.anaconda.org/conda-forge/linux-64/yarl-1.7.2-py37h540881e_2.tar.bz2#19b4db3d2d94a9a96b66ddf6ef19e640
https://conda.anaconda.org/conda-forge/linux-64/zstandard-0.18.0-py37h540881e_0.tar.bz2#fa969331f0008224118d5a7a2005b40a
https://conda.anaconda.org/conda-forge/linux-64/aiohttp-3.8.3-py37h540881e_0.tar.bz2#664e786b00a89f4bc7ac6c0dbcc0b7af
https://conda.anaconda.org/conda-forge/noarch/conda-package-streaming-0.7.0-pyhd8ed1ab_1.conda#1a2fa9e53cfbc2e4d9ab21990805a436
https://conda.anaconda.org/conda-forge/noarch/keras-preprocessing-1.1.2-pyhd8ed1ab_0.tar.bz2#a79b00989a0d89791021902f37fe2f9e
https://conda.anaconda.org/conda-forge/noarch/oauthlib-3.2.2-pyhd8ed1ab_0.tar.bz2#8f882b197fd9c4941a787926baea4868
https://conda.anaconda.org/conda-forge/noarch/pyopenssl-23.0.0-pyhd8ed1ab_0.conda#d41957700e83bbb925928764cb7f8878
https://conda.anaconda.org/conda-forge/linux-64/secretstorage-3.3.3-py37h89c1867_0.tar.bz2#17f1c111db574c3553242dba1f47566f
https://conda.anaconda.org/conda-forge/noarch/conda-package-handling-2.0.2-pyh38be061_0.conda#44800e9bd13143292097c65e57323038
https://conda.anaconda.org/conda-forge/linux-64/keyring-22.3.0-py37h89c1867_0.tar.bz2#8fb62238db8f62deb6d716f9aea2e4b2
https://conda.anaconda.org/conda-forge/noarch/urllib3-1.26.14-pyhd8ed1ab_0.conda#01f33ad2e0aaf6b5ba4add50dad5ad29
https://conda.anaconda.org/conda-forge/noarch/requests-2.28.2-pyhd8ed1ab_0.conda#11d178fc55199482ee48d6812ea83983
https://conda.anaconda.org/conda-forge/noarch/cachecontrol-0.12.11-pyhd8ed1ab_1.conda#e8f0410e0aa03342304357c5cc3bb75d
https://conda.anaconda.org/conda-forge/linux-64/conda-22.9.0-py37h89c1867_1.tar.bz2#0f178c20b2de54c49a28fbd791baef9d
https://conda.anaconda.org/conda-forge/noarch/google-auth-2.16.1-pyh1a96a4e_0.conda#77235e975f133a69c63068c4b42478f2
https://conda.anaconda.org/conda-forge/noarch/requests-oauthlib-1.3.1-pyhd8ed1ab_0.tar.bz2#61b279f051eef9c89d58f4d813e75e04
https://conda.anaconda.org/conda-forge/noarch/requests-toolbelt-0.9.1-py_0.tar.bz2#402668adee8fcba9a9c265cdc2a88f5a
https://conda.anaconda.org/pytorch/linux-64/torchvision-0.12.0-py37_cpu.tar.bz2#849a1dffafc240a61733c2184cf1ccb9
https://conda.anaconda.org/conda-forge/noarch/google-auth-oauthlib-0.4.6-pyhd8ed1ab_0.tar.bz2#430db61bdfa0b37903ef73d84bcea2c9
https://conda.anaconda.org/conda-forge/linux-64/mamba-0.27.0-py37h6dacc13_0.tar.bz2#3f76f21b76df8880d583543ca19dcc8e
https://conda.anaconda.org/conda-forge/noarch/poetry-1.1.15-pyhd8ed1ab_1.tar.bz2#71b5d40b39bada315e8befce56145062
https://conda.anaconda.org/conda-forge/noarch/tensorboard-2.11.2-pyhd8ed1ab_0.conda#775c87a5dca93928583df3b1b76bdb07
https://conda.anaconda.org/conda-forge/linux-64/tensorflow-base-2.6.0-cuda111py37h95189bc_2.tar.bz2#4301fe468e938ee882f63e9a7c97883a
https://conda.anaconda.org/conda-forge/linux-64/tensorflow-estimator-2.6.0-cuda111py37hd477f92_2.tar.bz2#583e6ec602fe46e785903267e4cc76df
https://conda.anaconda.org/conda-forge/linux-64/tensorflow-2.6.0-cuda111py37hc404611_2.tar.bz2#fedb7c18a64d22e403ba2ce7f87f6ccd
